
Microsoft Visual Studio Solution File, Format Version 12.00
# Visual Studio Version 16
VisualStudioVersion = 16.0.31005.135
MinimumVisualStudioVersion = 10.0.40219.1
Project("{FAE04EC0-301F-11D3-BF4B-00C04F79EFBC}") = "SadikApp", "SadikApp\SadikApp.csproj", "{97547C2C-C587-4439-8F89-7157EE000C0C}"
EndProject
Global
	GlobalSection(SolutionConfigurationPlatforms) = preSolution
		Debug|Any CPU = Debug|Any CPU
		Release|Any CPU = Release|Any CPU
	EndGlobalSection
	GlobalSection(ProjectConfigurationPlatforms) = postSolution
		{97547C2C-C587-4439-8F89-7157EE000C0C}.Debug|Any CPU.ActiveCfg = Debug|Any CPU
		{97547C2C-C587-4439-8F89-7157EE000C0C}.Debug|Any CPU.Build.0 = Debug|Any CPU
		{97547C2C-C587-4439-8F89-7157EE000C0C}.Release|Any CPU.ActiveCfg = Release|Any CPU
		{97547C2C-C587-4439-8F89-7157EE000C0C}.Release|Any CPU.Build.0 = Release|Any CPU
	EndGlobalSection
	GlobalSection(SolutionProperties) = preSolution
		HideSolutionNode = FALSE
	EndGlobalSection
	GlobalSection(ExtensibilityGlobals) = postSolution
		SolutionGuid = {5962A5F2-D1EE-4EAD-9CDA-EC6F6FD7D057}
	EndGlobalSection
EndGlobal
